
Microsoft Visual Studio Solution File, Format Version 12.00
# Visual Studio Version 17
VisualStudioVersion = 17.0.31903.59
MinimumVisualStudioVersion = 10.0.40219.1
Project("{2150E333-8FDC-42A3-9474-1A3956D46DE8}") = "Core", "Core", "{CDB19826-CF2C-4A92-B681-026131314C43}"
EndProject
Project("{9A19103F-16F7-4668-BE54-9A1E7A4F7556}") = "TurboMeta.API", "Core\TurboMeta.API\TurboMeta.API.csproj", "{E72FDB23-45FC-4CBB-916E-6282088C06ED}"
EndProject
Project("{9A19103F-16F7-4668-BE54-9A1E7A4F7556}") = "TurboMeta.Tests", "Core\TurboMeta.Tests\TurboMeta.Tests.csproj", "{14C8AE3F-AC8B-46D8-AB83-0C74E7412713}"
EndProject
Project("{2150E333-8FDC-42A3-9474-1A3956D46DE8}") = "Base", "Base", "{810B98FE-FD55-4D48-B163-509C41DBB1AA}"
EndProject
Project("{9A19103F-16F7-4668-BE54-9A1E7A4F7556}") = "TurboBase.IO", "Base\TurboBase.IO\TurboBase.IO.csproj", "{81BDBA4C-A6C7-4AF4-9E4D-9E51972E0063}"
EndProject
Project("{9A19103F-16F7-4668-BE54-9A1E7A4F7556}") = "TurboCompile.API", "Core\TurboCompile.API\TurboCompile.API.csproj", "{32AAAEEE-8A1C-4725-B5A6-0186DA3F2E78}"
EndProject
Project("{9A19103F-16F7-4668-BE54-9A1E7A4F7556}") = "TurboCompile.Common", "Core\TurboCompile.Common\TurboCompile.Common.csproj", "{AAB09818-9432-44DA-9BC2-37E7E42BB3D8}"
EndProject
Project("{9A19103F-16F7-4668-BE54-9A1E7A4F7556}") = "TurboCompile.CSharp", "Core\TurboCompile.CSharp\TurboCompile.CSharp.csproj", "{D6A79EDA-9460-4F2A-8310-67F58B73EB98}"
EndProject
Project("{9A19103F-16F7-4668-BE54-9A1E7A4F7556}") = "TurboCompile.Roslyn", "Core\TurboCompile.Roslyn\TurboCompile.Roslyn.csproj", "{2BAD6465-D7BC-4B26-B908-D302CED65475}"
EndProject
Project("{9A19103F-16F7-4668-BE54-9A1E7A4F7556}") = "TurboCompile.VBasic", "Core\TurboCompile.VBasic\TurboCompile.VBasic.csproj", "{C0009F34-3A1D-427A-8E74-B4933DFDB4F7}"
EndProject
Project("{2150E333-8FDC-42A3-9474-1A3956D46DE8}") = "Build", "Build", "{778B31F3-D16F-4305-800B-547C14F30885}"
EndProject
Project("{9A19103F-16F7-4668-BE54-9A1E7A4F7556}") = "TurboDot", "Build\TurboDot\TurboDot.csproj", "{D571B6D1-D597-42DF-BD24-662BEF38682B}"
EndProject
Project("{9A19103F-16F7-4668-BE54-9A1E7A4F7556}") = "TurboDot.Lib", "Build\TurboDot.Lib\TurboDot.Lib.csproj", "{AD80405F-6976-4899-95D0-7B06C0255617}"
EndProject
Project("{2150E333-8FDC-42A3-9474-1A3956D46DE8}") = "Spy", "Spy", "{4E3F9F81-E011-4376-99BE-1ADB92E4D58D}"
EndProject
Project("{9A19103F-16F7-4668-BE54-9A1E7A4F7556}") = "TurboSpy", "Spy\TurboSpy\TurboSpy.csproj", "{821F219C-D85B-49BC-86BD-2009A9203EBC}"
EndProject
Project("{9A19103F-16F7-4668-BE54-9A1E7A4F7556}") = "TurboSpy.Lib", "Spy\TurboSpy.Lib\TurboSpy.Lib.csproj", "{7969B215-4E21-4B10-B580-04F9BC74577D}"
EndProject
Project("{2150E333-8FDC-42A3-9474-1A3956D46DE8}") = "Run", "Run", "{CD38A618-33A1-447D-B436-58183513C0A1}"
EndProject
Project("{9A19103F-16F7-4668-BE54-9A1E7A4F7556}") = "TurboRun", "Run\TurboRun\TurboRun.csproj", "{1D3D03EF-9620-4E87-B0B2-A8453AA6A8E6}"
EndProject
Project("{9A19103F-16F7-4668-BE54-9A1E7A4F7556}") = "TurboRun.Lib", "Run\TurboRun.Lib\TurboRun.Lib.csproj", "{DEBB8FB3-7729-4EDB-82B8-108F378DD367}"
EndProject
Project("{2150E333-8FDC-42A3-9474-1A3956D46DE8}") = "IDE", "IDE", "{10814D7C-EB38-4639-A292-06F040887E80}"
EndProject
Project("{9A19103F-16F7-4668-BE54-9A1E7A4F7556}") = "TurboSharp", "IDE\TurboSharp\TurboSharp.csproj", "{D920307F-E510-4957-8D95-313670738D3D}"
EndProject
Project("{9A19103F-16F7-4668-BE54-9A1E7A4F7556}") = "TurboSharp.Lib", "IDE\TurboSharp.Lib\TurboSharp.Lib.csproj", "{429363C3-DB09-4F9E-9432-B3D1205D7C5A}"
EndProject
Project("{9A19103F-16F7-4668-BE54-9A1E7A4F7556}") = "TurboBase.UI", "Base\TurboBase.UI\TurboBase.UI.csproj", "{4B71CF1B-412D-4AAC-9511-26351612AC83}"
EndProject
Project("{9A19103F-16F7-4668-BE54-9A1E7A4F7556}") = "TurboMeta.CSharp", "Core\TurboMeta.CSharp\TurboMeta.CSharp.csproj", "{2A9E643B-0115-4C7C-86E8-F61617620F50}"
EndProject
Project("{9A19103F-16F7-4668-BE54-9A1E7A4F7556}") = "TurboMeta.VBasic", "Core\TurboMeta.VBasic\TurboMeta.VBasic.csproj", "{05963BEF-F30B-4F68-B625-FE3BC5D65A64}"
EndProject
Project("{9A19103F-16F7-4668-BE54-9A1E7A4F7556}") = "TurboMeta.Common", "Core\TurboMeta.Common\TurboMeta.Common.csproj", "{3339DCBF-6043-47D5-8949-B8054B7B254D}"
EndProject
Project("{FAE04EC0-301F-11D3-BF4B-00C04F79EFBC}") = "TurboRepo.API", "Core\TurboRepo.API\TurboRepo.API.csproj", "{CD558CE1-825F-4D5E-AE3A-1235E274DDE5}"
EndProject
Project("{FAE04EC0-301F-11D3-BF4B-00C04F79EFBC}") = "TurboRepo.Nuget", "Core\TurboRepo.Nuget\TurboRepo.Nuget.csproj", "{69B1BC9A-BEB0-40BE-8DC9-A35E9055EA50}"
EndProject
Global
	GlobalSection(SolutionConfigurationPlatforms) = preSolution
		Debug|Any CPU = Debug|Any CPU
		Release|Any CPU = Release|Any CPU
	EndGlobalSection
	GlobalSection(ProjectConfigurationPlatforms) = postSolution
		{E72FDB23-45FC-4CBB-916E-6282088C06ED}.Debug|Any CPU.ActiveCfg = Debug|Any CPU
		{E72FDB23-45FC-4CBB-916E-6282088C06ED}.Debug|Any CPU.Build.0 = Debug|Any CPU
		{E72FDB23-45FC-4CBB-916E-6282088C06ED}.Release|Any CPU.ActiveCfg = Release|Any CPU
		{E72FDB23-45FC-4CBB-916E-6282088C06ED}.Release|Any CPU.Build.0 = Release|Any CPU
		{14C8AE3F-AC8B-46D8-AB83-0C74E7412713}.Debug|Any CPU.ActiveCfg = Debug|Any CPU
		{14C8AE3F-AC8B-46D8-AB83-0C74E7412713}.Debug|Any CPU.Build.0 = Debug|Any CPU
		{14C8AE3F-AC8B-46D8-AB83-0C74E7412713}.Release|Any CPU.ActiveCfg = Release|Any CPU
		{14C8AE3F-AC8B-46D8-AB83-0C74E7412713}.Release|Any CPU.Build.0 = Release|Any CPU
		{81BDBA4C-A6C7-4AF4-9E4D-9E51972E0063}.Debug|Any CPU.ActiveCfg = Debug|Any CPU
		{81BDBA4C-A6C7-4AF4-9E4D-9E51972E0063}.Debug|Any CPU.Build.0 = Debug|Any CPU
		{81BDBA4C-A6C7-4AF4-9E4D-9E51972E0063}.Release|Any CPU.ActiveCfg = Release|Any CPU
		{81BDBA4C-A6C7-4AF4-9E4D-9E51972E0063}.Release|Any CPU.Build.0 = Release|Any CPU
		{32AAAEEE-8A1C-4725-B5A6-0186DA3F2E78}.Debug|Any CPU.ActiveCfg = Debug|Any CPU
		{32AAAEEE-8A1C-4725-B5A6-0186DA3F2E78}.Debug|Any CPU.Build.0 = Debug|Any CPU
		{32AAAEEE-8A1C-4725-B5A6-0186DA3F2E78}.Release|Any CPU.ActiveCfg = Release|Any CPU
		{32AAAEEE-8A1C-4725-B5A6-0186DA3F2E78}.Release|Any CPU.Build.0 = Release|Any CPU
		{AAB09818-9432-44DA-9BC2-37E7E42BB3D8}.Debug|Any CPU.ActiveCfg = Debug|Any CPU
		{AAB09818-9432-44DA-9BC2-37E7E42BB3D8}.Debug|Any CPU.Build.0 = Debug|Any CPU
		{AAB09818-9432-44DA-9BC2-37E7E42BB3D8}.Release|Any CPU.ActiveCfg = Release|Any CPU
		{AAB09818-9432-44DA-9BC2-37E7E42BB3D8}.Release|Any CPU.Build.0 = Release|Any CPU
		{D6A79EDA-9460-4F2A-8310-67F58B73EB98}.Debug|Any CPU.ActiveCfg = Debug|Any CPU
		{D6A79EDA-9460-4F2A-8310-67F58B73EB98}.Debug|Any CPU.Build.0 = Debug|Any CPU
		{D6A79EDA-9460-4F2A-8310-67F58B73EB98}.Release|Any CPU.ActiveCfg = Release|Any CPU
		{D6A79EDA-9460-4F2A-8310-67F58B73EB98}.Release|Any CPU.Build.0 = Release|Any CPU
		{2BAD6465-D7BC-4B26-B908-D302CED65475}.Debug|Any CPU.ActiveCfg = Debug|Any CPU
		{2BAD6465-D7BC-4B26-B908-D302CED65475}.Debug|Any CPU.Build.0 = Debug|Any CPU
		{2BAD6465-D7BC-4B26-B908-D302CED65475}.Release|Any CPU.ActiveCfg = Release|Any CPU
		{2BAD6465-D7BC-4B26-B908-D302CED65475}.Release|Any CPU.Build.0 = Release|Any CPU
		{C0009F34-3A1D-427A-8E74-B4933DFDB4F7}.Debug|Any CPU.ActiveCfg = Debug|Any CPU
		{C0009F34-3A1D-427A-8E74-B4933DFDB4F7}.Debug|Any CPU.Build.0 = Debug|Any CPU
		{C0009F34-3A1D-427A-8E74-B4933DFDB4F7}.Release|Any CPU.ActiveCfg = Release|Any CPU
		{C0009F34-3A1D-427A-8E74-B4933DFDB4F7}.Release|Any CPU.Build.0 = Release|Any CPU
		{D571B6D1-D597-42DF-BD24-662BEF38682B}.Debug|Any CPU.ActiveCfg = Debug|Any CPU
		{D571B6D1-D597-42DF-BD24-662BEF38682B}.Debug|Any CPU.Build.0 = Debug|Any CPU
		{D571B6D1-D597-42DF-BD24-662BEF38682B}.Release|Any CPU.ActiveCfg = Release|Any CPU
		{D571B6D1-D597-42DF-BD24-662BEF38682B}.Release|Any CPU.Build.0 = Release|Any CPU
		{AD80405F-6976-4899-95D0-7B06C0255617}.Debug|Any CPU.ActiveCfg = Debug|Any CPU
		{AD80405F-6976-4899-95D0-7B06C0255617}.Debug|Any CPU.Build.0 = Debug|Any CPU
		{AD80405F-6976-4899-95D0-7B06C0255617}.Release|Any CPU.ActiveCfg = Release|Any CPU
		{AD80405F-6976-4899-95D0-7B06C0255617}.Release|Any CPU.Build.0 = Release|Any CPU
		{821F219C-D85B-49BC-86BD-2009A9203EBC}.Debug|Any CPU.ActiveCfg = Debug|Any CPU
		{821F219C-D85B-49BC-86BD-2009A9203EBC}.Debug|Any CPU.Build.0 = Debug|Any CPU
		{821F219C-D85B-49BC-86BD-2009A9203EBC}.Release|Any CPU.ActiveCfg = Release|Any CPU
		{821F219C-D85B-49BC-86BD-2009A9203EBC}.Release|Any CPU.Build.0 = Release|Any CPU
		{7969B215-4E21-4B10-B580-04F9BC74577D}.Debug|Any CPU.ActiveCfg = Debug|Any CPU
		{7969B215-4E21-4B10-B580-04F9BC74577D}.Debug|Any CPU.Build.0 = Debug|Any CPU
		{7969B215-4E21-4B10-B580-04F9BC74577D}.Release|Any CPU.ActiveCfg = Release|Any CPU
		{7969B215-4E21-4B10-B580-04F9BC74577D}.Release|Any CPU.Build.0 = Release|Any CPU
		{1D3D03EF-9620-4E87-B0B2-A8453AA6A8E6}.Debug|Any CPU.ActiveCfg = Debug|Any CPU
		{1D3D03EF-9620-4E87-B0B2-A8453AA6A8E6}.Debug|Any CPU.Build.0 = Debug|Any CPU
		{1D3D03EF-9620-4E87-B0B2-A8453AA6A8E6}.Release|Any CPU.ActiveCfg = Release|Any CPU
		{1D3D03EF-9620-4E87-B0B2-A8453AA6A8E6}.Release|Any CPU.Build.0 = Release|Any CPU
		{DEBB8FB3-7729-4EDB-82B8-108F378DD367}.Debug|Any CPU.ActiveCfg = Debug|Any CPU
		{DEBB8FB3-7729-4EDB-82B8-108F378DD367}.Debug|Any CPU.Build.0 = Debug|Any CPU
		{DEBB8FB3-7729-4EDB-82B8-108F378DD367}.Release|Any CPU.ActiveCfg = Release|Any CPU
		{DEBB8FB3-7729-4EDB-82B8-108F378DD367}.Release|Any CPU.Build.0 = Release|Any CPU
		{D920307F-E510-4957-8D95-313670738D3D}.Debug|Any CPU.ActiveCfg = Debug|Any CPU
		{D920307F-E510-4957-8D95-313670738D3D}.Debug|Any CPU.Build.0 = Debug|Any CPU
		{D920307F-E510-4957-8D95-313670738D3D}.Release|Any CPU.ActiveCfg = Release|Any CPU
		{D920307F-E510-4957-8D95-313670738D3D}.Release|Any CPU.Build.0 = Release|Any CPU
		{429363C3-DB09-4F9E-9432-B3D1205D7C5A}.Debug|Any CPU.ActiveCfg = Debug|Any CPU
		{429363C3-DB09-4F9E-9432-B3D1205D7C5A}.Debug|Any CPU.Build.0 = Debug|Any CPU
		{429363C3-DB09-4F9E-9432-B3D1205D7C5A}.Release|Any CPU.ActiveCfg = Release|Any CPU
		{429363C3-DB09-4F9E-9432-B3D1205D7C5A}.Release|Any CPU.Build.0 = Release|Any CPU
		{4B71CF1B-412D-4AAC-9511-26351612AC83}.Debug|Any CPU.ActiveCfg = Debug|Any CPU
		{4B71CF1B-412D-4AAC-9511-26351612AC83}.Debug|Any CPU.Build.0 = Debug|Any CPU
		{4B71CF1B-412D-4AAC-9511-26351612AC83}.Release|Any CPU.ActiveCfg = Release|Any CPU
		{4B71CF1B-412D-4AAC-9511-26351612AC83}.Release|Any CPU.Build.0 = Release|Any CPU
		{2A9E643B-0115-4C7C-86E8-F61617620F50}.Debug|Any CPU.ActiveCfg = Debug|Any CPU
		{2A9E643B-0115-4C7C-86E8-F61617620F50}.Debug|Any CPU.Build.0 = Debug|Any CPU
		{2A9E643B-0115-4C7C-86E8-F61617620F50}.Release|Any CPU.ActiveCfg = Release|Any CPU
		{2A9E643B-0115-4C7C-86E8-F61617620F50}.Release|Any CPU.Build.0 = Release|Any CPU
		{05963BEF-F30B-4F68-B625-FE3BC5D65A64}.Debug|Any CPU.ActiveCfg = Debug|Any CPU
		{05963BEF-F30B-4F68-B625-FE3BC5D65A64}.Debug|Any CPU.Build.0 = Debug|Any CPU
		{05963BEF-F30B-4F68-B625-FE3BC5D65A64}.Release|Any CPU.ActiveCfg = Release|Any CPU
		{05963BEF-F30B-4F68-B625-FE3BC5D65A64}.Release|Any CPU.Build.0 = Release|Any CPU
		{3339DCBF-6043-47D5-8949-B8054B7B254D}.Debug|Any CPU.ActiveCfg = Debug|Any CPU
		{3339DCBF-6043-47D5-8949-B8054B7B254D}.Debug|Any CPU.Build.0 = Debug|Any CPU
		{3339DCBF-6043-47D5-8949-B8054B7B254D}.Release|Any CPU.ActiveCfg = Release|Any CPU
		{3339DCBF-6043-47D5-8949-B8054B7B254D}.Release|Any CPU.Build.0 = Release|Any CPU
		{CD558CE1-825F-4D5E-AE3A-1235E274DDE5}.Debug|Any CPU.ActiveCfg = Debug|Any CPU
		{CD558CE1-825F-4D5E-AE3A-1235E274DDE5}.Debug|Any CPU.Build.0 = Debug|Any CPU
		{CD558CE1-825F-4D5E-AE3A-1235E274DDE5}.Release|Any CPU.ActiveCfg = Release|Any CPU
		{CD558CE1-825F-4D5E-AE3A-1235E274DDE5}.Release|Any CPU.Build.0 = Release|Any CPU
		{69B1BC9A-BEB0-40BE-8DC9-A35E9055EA50}.Debug|Any CPU.ActiveCfg = Debug|Any CPU
		{69B1BC9A-BEB0-40BE-8DC9-A35E9055EA50}.Debug|Any CPU.Build.0 = Debug|Any CPU
		{69B1BC9A-BEB0-40BE-8DC9-A35E9055EA50}.Release|Any CPU.ActiveCfg = Release|Any CPU
		{69B1BC9A-BEB0-40BE-8DC9-A35E9055EA50}.Release|Any CPU.Build.0 = Release|Any CPU
	EndGlobalSection
	GlobalSection(SolutionProperties) = preSolution
		HideSolutionNode = FALSE
	EndGlobalSection
	GlobalSection(NestedProjects) = preSolution
		{E72FDB23-45FC-4CBB-916E-6282088C06ED} = {CDB19826-CF2C-4A92-B681-026131314C43}
		{14C8AE3F-AC8B-46D8-AB83-0C74E7412713} = {CDB19826-CF2C-4A92-B681-026131314C43}
		{81BDBA4C-A6C7-4AF4-9E4D-9E51972E0063} = {810B98FE-FD55-4D48-B163-509C41DBB1AA}
		{32AAAEEE-8A1C-4725-B5A6-0186DA3F2E78} = {CDB19826-CF2C-4A92-B681-026131314C43}
		{AAB09818-9432-44DA-9BC2-37E7E42BB3D8} = {CDB19826-CF2C-4A92-B681-026131314C43}
		{D6A79EDA-9460-4F2A-8310-67F58B73EB98} = {CDB19826-CF2C-4A92-B681-026131314C43}
		{2BAD6465-D7BC-4B26-B908-D302CED65475} = {CDB19826-CF2C-4A92-B681-026131314C43}
		{C0009F34-3A1D-427A-8E74-B4933DFDB4F7} = {CDB19826-CF2C-4A92-B681-026131314C43}
		{D571B6D1-D597-42DF-BD24-662BEF38682B} = {778B31F3-D16F-4305-800B-547C14F30885}
		{AD80405F-6976-4899-95D0-7B06C0255617} = {778B31F3-D16F-4305-800B-547C14F30885}
		{821F219C-D85B-49BC-86BD-2009A9203EBC} = {4E3F9F81-E011-4376-99BE-1ADB92E4D58D}
		{7969B215-4E21-4B10-B580-04F9BC74577D} = {4E3F9F81-E011-4376-99BE-1ADB92E4D58D}
		{1D3D03EF-9620-4E87-B0B2-A8453AA6A8E6} = {CD38A618-33A1-447D-B436-58183513C0A1}
		{DEBB8FB3-7729-4EDB-82B8-108F378DD367} = {CD38A618-33A1-447D-B436-58183513C0A1}
		{D920307F-E510-4957-8D95-313670738D3D} = {10814D7C-EB38-4639-A292-06F040887E80}
		{429363C3-DB09-4F9E-9432-B3D1205D7C5A} = {10814D7C-EB38-4639-A292-06F040887E80}
		{4B71CF1B-412D-4AAC-9511-26351612AC83} = {810B98FE-FD55-4D48-B163-509C41DBB1AA}
		{2A9E643B-0115-4C7C-86E8-F61617620F50} = {CDB19826-CF2C-4A92-B681-026131314C43}
		{05963BEF-F30B-4F68-B625-FE3BC5D65A64} = {CDB19826-CF2C-4A92-B681-026131314C43}
		{3339DCBF-6043-47D5-8949-B8054B7B254D} = {CDB19826-CF2C-4A92-B681-026131314C43}
		{CD558CE1-825F-4D5E-AE3A-1235E274DDE5} = {CDB19826-CF2C-4A92-B681-026131314C43}
		{69B1BC9A-BEB0-40BE-8DC9-A35E9055EA50} = {CDB19826-CF2C-4A92-B681-026131314C43}
	EndGlobalSection
	GlobalSection(ExtensibilityGlobals) = postSolution
		SolutionGuid = {8A41EE0E-B54F-4045-AF59-6E881C898802}
	EndGlobalSection
EndGlobal
