
Microsoft Visual Studio Solution File, Format Version 12.00
# Visual Studio Version 17
VisualStudioVersion = 17.0.31903.59
MinimumVisualStudioVersion = 10.0.40219.1
Project("{2150E333-8FDC-42A3-9474-1A3956D46DE8}") = "Run", "Run", "{CA98F1F8-B076-4708-BAC6-F6019FF46D0F}"
EndProject
Project("{FAE04EC0-301F-11D3-BF4B-00C04F79EFBC}") = "TurboRun", "Run\TurboRun\TurboRun.csproj", "{1E3AB765-D7F7-4E5D-A777-96F7EEE8470D}"
EndProject
Project("{FAE04EC0-301F-11D3-BF4B-00C04F79EFBC}") = "TurboRun.Lib", "Run\TurboRun.Lib\TurboRun.Lib.csproj", "{1C927C7A-AF96-41DA-ABA9-1DCF589B4AE1}"
EndProject
Project("{2150E333-8FDC-42A3-9474-1A3956D46DE8}") = "Spy", "Spy", "{3544EF3A-2D57-4E3A-A1BD-BE3D65DFEF85}"
EndProject
Project("{FAE04EC0-301F-11D3-BF4B-00C04F79EFBC}") = "TurboSpy", "Spy\TurboSpy\TurboSpy.csproj", "{763F260E-BBBD-4297-ABE0-65B89D8B2B8C}"
EndProject
Project("{FAE04EC0-301F-11D3-BF4B-00C04F79EFBC}") = "TurboSpy.Lib", "Spy\TurboSpy.Lib\TurboSpy.Lib.csproj", "{B6CD10CD-001C-4D6B-BAAF-9DFBDA2064DB}"
EndProject
Project("{2150E333-8FDC-42A3-9474-1A3956D46DE8}") = "Base", "Base", "{3748DDFA-82AA-4E00-B998-6359773EF818}"
EndProject
Project("{FAE04EC0-301F-11D3-BF4B-00C04F79EFBC}") = "TurboSharp.Common", "Base\TurboSharp.Common\TurboSharp.Common.csproj", "{3F451F4A-F40C-4E9E-9ECF-49F45678FE13}"
EndProject
Project("{2150E333-8FDC-42A3-9474-1A3956D46DE8}") = "IDE", "IDE", "{7F3AD1B0-1D4F-47F6-9C9C-306CA99EBBC5}"
EndProject
Project("{FAE04EC0-301F-11D3-BF4B-00C04F79EFBC}") = "TurboSharp", "IDE\TurboSharp\TurboSharp.csproj", "{35B75FB7-9C31-4DAD-9C59-9854475FA9FF}"
EndProject
Project("{FAE04EC0-301F-11D3-BF4B-00C04F79EFBC}") = "TurboSharp.Lib", "IDE\TurboSharp.Lib\TurboSharp.Lib.csproj", "{8A3490CE-55F9-4BB5-AB72-D30E68C24AEC}"
EndProject
Project("{2150E333-8FDC-42A3-9474-1A3956D46DE8}") = "Build", "Build", "{902C9366-9425-4FAA-A6EA-EFC266A97493}"
EndProject
Project("{FAE04EC0-301F-11D3-BF4B-00C04F79EFBC}") = "TurboCompile.CSharp", "Build\TurboCompile.CSharp\TurboCompile.CSharp.csproj", "{A57CB473-5FF1-4D8D-A12E-D2BF55EB6DFA}"
EndProject
Project("{FAE04EC0-301F-11D3-BF4B-00C04F79EFBC}") = "TurboCompile.VBasic", "Build\TurboCompile.VBasic\TurboCompile.VBasic.csproj", "{C1332F62-D1B0-4244-8FF8-36B83BD7CFC0}"
EndProject
Project("{FAE04EC0-301F-11D3-BF4B-00C04F79EFBC}") = "TurboCompile.Roslyn", "Build\TurboCompile.Roslyn\TurboCompile.Roslyn.csproj", "{C85AD2B7-68A6-46F9-9C51-170A292F6EBD}"
EndProject
Project("{FAE04EC0-301F-11D3-BF4B-00C04F79EFBC}") = "TurboCompile.Tests", "Build\TurboCompile.Tests\TurboCompile.Tests.csproj", "{FFD10FFD-9231-4395-8A9C-28F9EEFF9C8B}"
EndProject
Project("{FAE04EC0-301F-11D3-BF4B-00C04F79EFBC}") = "TurboCompile.Common", "Build\TurboCompile.Common\TurboCompile.Common.csproj", "{3002BD99-8CB3-40FD-829A-6AB16C0A5FFE}"
EndProject
Project("{FAE04EC0-301F-11D3-BF4B-00C04F79EFBC}") = "TurboCompile.API", "Build\TurboCompile.API\TurboCompile.API.csproj", "{A7F74076-9D6C-407E-9B2D-95CAA97BE6D0}"
EndProject
Global
	GlobalSection(SolutionConfigurationPlatforms) = preSolution
		Debug|Any CPU = Debug|Any CPU
		Release|Any CPU = Release|Any CPU
	EndGlobalSection
	GlobalSection(SolutionProperties) = preSolution
		HideSolutionNode = FALSE
	EndGlobalSection
	GlobalSection(ProjectConfigurationPlatforms) = postSolution
		{1E3AB765-D7F7-4E5D-A777-96F7EEE8470D}.Debug|Any CPU.ActiveCfg = Debug|Any CPU
		{1E3AB765-D7F7-4E5D-A777-96F7EEE8470D}.Debug|Any CPU.Build.0 = Debug|Any CPU
		{1E3AB765-D7F7-4E5D-A777-96F7EEE8470D}.Release|Any CPU.ActiveCfg = Release|Any CPU
		{1E3AB765-D7F7-4E5D-A777-96F7EEE8470D}.Release|Any CPU.Build.0 = Release|Any CPU
		{1C927C7A-AF96-41DA-ABA9-1DCF589B4AE1}.Debug|Any CPU.ActiveCfg = Debug|Any CPU
		{1C927C7A-AF96-41DA-ABA9-1DCF589B4AE1}.Debug|Any CPU.Build.0 = Debug|Any CPU
		{1C927C7A-AF96-41DA-ABA9-1DCF589B4AE1}.Release|Any CPU.ActiveCfg = Release|Any CPU
		{1C927C7A-AF96-41DA-ABA9-1DCF589B4AE1}.Release|Any CPU.Build.0 = Release|Any CPU
		{763F260E-BBBD-4297-ABE0-65B89D8B2B8C}.Debug|Any CPU.ActiveCfg = Debug|Any CPU
		{763F260E-BBBD-4297-ABE0-65B89D8B2B8C}.Debug|Any CPU.Build.0 = Debug|Any CPU
		{763F260E-BBBD-4297-ABE0-65B89D8B2B8C}.Release|Any CPU.ActiveCfg = Release|Any CPU
		{763F260E-BBBD-4297-ABE0-65B89D8B2B8C}.Release|Any CPU.Build.0 = Release|Any CPU
		{B6CD10CD-001C-4D6B-BAAF-9DFBDA2064DB}.Debug|Any CPU.ActiveCfg = Debug|Any CPU
		{B6CD10CD-001C-4D6B-BAAF-9DFBDA2064DB}.Debug|Any CPU.Build.0 = Debug|Any CPU
		{B6CD10CD-001C-4D6B-BAAF-9DFBDA2064DB}.Release|Any CPU.ActiveCfg = Release|Any CPU
		{B6CD10CD-001C-4D6B-BAAF-9DFBDA2064DB}.Release|Any CPU.Build.0 = Release|Any CPU
		{3F451F4A-F40C-4E9E-9ECF-49F45678FE13}.Debug|Any CPU.ActiveCfg = Debug|Any CPU
		{3F451F4A-F40C-4E9E-9ECF-49F45678FE13}.Debug|Any CPU.Build.0 = Debug|Any CPU
		{3F451F4A-F40C-4E9E-9ECF-49F45678FE13}.Release|Any CPU.ActiveCfg = Release|Any CPU
		{3F451F4A-F40C-4E9E-9ECF-49F45678FE13}.Release|Any CPU.Build.0 = Release|Any CPU
		{35B75FB7-9C31-4DAD-9C59-9854475FA9FF}.Debug|Any CPU.ActiveCfg = Debug|Any CPU
		{35B75FB7-9C31-4DAD-9C59-9854475FA9FF}.Debug|Any CPU.Build.0 = Debug|Any CPU
		{35B75FB7-9C31-4DAD-9C59-9854475FA9FF}.Release|Any CPU.ActiveCfg = Release|Any CPU
		{35B75FB7-9C31-4DAD-9C59-9854475FA9FF}.Release|Any CPU.Build.0 = Release|Any CPU
		{8A3490CE-55F9-4BB5-AB72-D30E68C24AEC}.Debug|Any CPU.ActiveCfg = Debug|Any CPU
		{8A3490CE-55F9-4BB5-AB72-D30E68C24AEC}.Debug|Any CPU.Build.0 = Debug|Any CPU
		{8A3490CE-55F9-4BB5-AB72-D30E68C24AEC}.Release|Any CPU.ActiveCfg = Release|Any CPU
		{8A3490CE-55F9-4BB5-AB72-D30E68C24AEC}.Release|Any CPU.Build.0 = Release|Any CPU
		{A57CB473-5FF1-4D8D-A12E-D2BF55EB6DFA}.Debug|Any CPU.ActiveCfg = Debug|Any CPU
		{A57CB473-5FF1-4D8D-A12E-D2BF55EB6DFA}.Debug|Any CPU.Build.0 = Debug|Any CPU
		{A57CB473-5FF1-4D8D-A12E-D2BF55EB6DFA}.Release|Any CPU.ActiveCfg = Release|Any CPU
		{A57CB473-5FF1-4D8D-A12E-D2BF55EB6DFA}.Release|Any CPU.Build.0 = Release|Any CPU
		{C1332F62-D1B0-4244-8FF8-36B83BD7CFC0}.Debug|Any CPU.ActiveCfg = Debug|Any CPU
		{C1332F62-D1B0-4244-8FF8-36B83BD7CFC0}.Debug|Any CPU.Build.0 = Debug|Any CPU
		{C1332F62-D1B0-4244-8FF8-36B83BD7CFC0}.Release|Any CPU.ActiveCfg = Release|Any CPU
		{C1332F62-D1B0-4244-8FF8-36B83BD7CFC0}.Release|Any CPU.Build.0 = Release|Any CPU
		{C85AD2B7-68A6-46F9-9C51-170A292F6EBD}.Debug|Any CPU.ActiveCfg = Debug|Any CPU
		{C85AD2B7-68A6-46F9-9C51-170A292F6EBD}.Debug|Any CPU.Build.0 = Debug|Any CPU
		{C85AD2B7-68A6-46F9-9C51-170A292F6EBD}.Release|Any CPU.ActiveCfg = Release|Any CPU
		{C85AD2B7-68A6-46F9-9C51-170A292F6EBD}.Release|Any CPU.Build.0 = Release|Any CPU
		{FFD10FFD-9231-4395-8A9C-28F9EEFF9C8B}.Debug|Any CPU.ActiveCfg = Debug|Any CPU
		{FFD10FFD-9231-4395-8A9C-28F9EEFF9C8B}.Debug|Any CPU.Build.0 = Debug|Any CPU
		{FFD10FFD-9231-4395-8A9C-28F9EEFF9C8B}.Release|Any CPU.ActiveCfg = Release|Any CPU
		{FFD10FFD-9231-4395-8A9C-28F9EEFF9C8B}.Release|Any CPU.Build.0 = Release|Any CPU
		{3002BD99-8CB3-40FD-829A-6AB16C0A5FFE}.Debug|Any CPU.ActiveCfg = Debug|Any CPU
		{3002BD99-8CB3-40FD-829A-6AB16C0A5FFE}.Debug|Any CPU.Build.0 = Debug|Any CPU
		{3002BD99-8CB3-40FD-829A-6AB16C0A5FFE}.Release|Any CPU.ActiveCfg = Release|Any CPU
		{3002BD99-8CB3-40FD-829A-6AB16C0A5FFE}.Release|Any CPU.Build.0 = Release|Any CPU
		{A7F74076-9D6C-407E-9B2D-95CAA97BE6D0}.Debug|Any CPU.ActiveCfg = Debug|Any CPU
		{A7F74076-9D6C-407E-9B2D-95CAA97BE6D0}.Debug|Any CPU.Build.0 = Debug|Any CPU
		{A7F74076-9D6C-407E-9B2D-95CAA97BE6D0}.Release|Any CPU.ActiveCfg = Release|Any CPU
		{A7F74076-9D6C-407E-9B2D-95CAA97BE6D0}.Release|Any CPU.Build.0 = Release|Any CPU
	EndGlobalSection
	GlobalSection(NestedProjects) = preSolution
		{1E3AB765-D7F7-4E5D-A777-96F7EEE8470D} = {CA98F1F8-B076-4708-BAC6-F6019FF46D0F}
		{1C927C7A-AF96-41DA-ABA9-1DCF589B4AE1} = {CA98F1F8-B076-4708-BAC6-F6019FF46D0F}
		{763F260E-BBBD-4297-ABE0-65B89D8B2B8C} = {3544EF3A-2D57-4E3A-A1BD-BE3D65DFEF85}
		{B6CD10CD-001C-4D6B-BAAF-9DFBDA2064DB} = {3544EF3A-2D57-4E3A-A1BD-BE3D65DFEF85}
		{3F451F4A-F40C-4E9E-9ECF-49F45678FE13} = {3748DDFA-82AA-4E00-B998-6359773EF818}
		{35B75FB7-9C31-4DAD-9C59-9854475FA9FF} = {7F3AD1B0-1D4F-47F6-9C9C-306CA99EBBC5}
		{8A3490CE-55F9-4BB5-AB72-D30E68C24AEC} = {7F3AD1B0-1D4F-47F6-9C9C-306CA99EBBC5}
		{A57CB473-5FF1-4D8D-A12E-D2BF55EB6DFA} = {902C9366-9425-4FAA-A6EA-EFC266A97493}
		{C1332F62-D1B0-4244-8FF8-36B83BD7CFC0} = {902C9366-9425-4FAA-A6EA-EFC266A97493}
		{C85AD2B7-68A6-46F9-9C51-170A292F6EBD} = {902C9366-9425-4FAA-A6EA-EFC266A97493}
		{FFD10FFD-9231-4395-8A9C-28F9EEFF9C8B} = {902C9366-9425-4FAA-A6EA-EFC266A97493}
		{3002BD99-8CB3-40FD-829A-6AB16C0A5FFE} = {902C9366-9425-4FAA-A6EA-EFC266A97493}
		{A7F74076-9D6C-407E-9B2D-95CAA97BE6D0} = {902C9366-9425-4FAA-A6EA-EFC266A97493}
	EndGlobalSection
EndGlobal
